{
  "name": "HappyWeddingDay",
  "lockfileVersion": 3,
  "requires": true,
  "packages": {
    "": {
      "dependencies": {
        "lightgallery": "^2.9.0-beta.1",
        "swiper": "^11.2.10"
      },
      "devDependencies": {
        "@types/jquery": "^3.5.32"
      }
    },
    "node_modules/@types/jquery": {
      "version": "3.5.32",
      "resolved": "https://registry.npmjs.org/@types/jquery/-/jquery-3.5.32.tgz",
      "integrity": "sha512-b9Xbf4CkMqS02YH8zACqN1xzdxc3cO735Qe5AbSUFmyOiaWAbcpqh9Wna+Uk0vgACvoQHpWDg2rGdHkYPLmCiQ==",
      "dev": true,
<<<<<<< HEAD
      "license": "MIT",
=======
>>>>>>> d584a9cc131c5bac5d8dbab932e7cb016c7715e3
      "dependencies": {
        "@types/sizzle": "*"
      }
    },
    "node_modules/@types/sizzle": {
      "version": "2.3.9",
      "resolved": "https://registry.npmjs.org/@types/sizzle/-/sizzle-2.3.9.tgz",
      "integrity": "sha512-xzLEyKB50yqCUPUJkIsrVvoWNfFUbIZI+RspLWt8u+tIW/BetMBZtgV2LY/2o+tYH8dRvQ+eoPf3NdhQCcLE2w==",
      "dev": true,
      "license": "MIT"
    },
    "node_modules/lightgallery": {
      "version": "2.9.0-beta.1",
      "resolved": "https://registry.npmjs.org/lightgallery/-/lightgallery-2.9.0-beta.1.tgz",
      "integrity": "sha512-4Bl1vsYGOsI6RsPyephAUFW8bbZuZlLrpxU59cfKYKPDEX5Mhxfo1DUoUIJ+j5QPNrHEqrd+QeQtnGUCCwqK2g==",
      "license": "GPLv3",
      "engines": {
        "node": ">=6.0.0"
      }
    },
    "node_modules/swiper": {
      "version": "11.2.10",
      "resolved": "https://registry.npmjs.org/swiper/-/swiper-11.2.10.tgz",
      "integrity": "sha512-RMeVUUjTQH+6N3ckimK93oxz6Sn5la4aDlgPzB+rBrG/smPdCTicXyhxa+woIpopz+jewEloiEE3lKo1h9w2YQ==",
      "funding": [
        {
          "type": "patreon",
          "url": "https://www.patreon.com/swiperjs"
        },
        {
          "type": "open_collective",
          "url": "http://opencollective.com/swiper"
        }
      ],
      "license": "MIT",
      "engines": {
        "node": ">= 4.7.0"
      }
    }
  }
}
